
Microsoft Visual Studio Solution File, Format Version 12.00
# Visual Studio Version 17
VisualStudioVersion = 17.3.32929.385
MinimumVisualStudioVersion = 10.0.40219.1
Project("{FAE04EC0-301F-11D3-BF4B-00C04F79EFBC}") = "TaxiDeport", "TaxiDeport.csproj", "{ED2901B2-03D7-4A7F-BA9F-EF4E86522538}"
EndProject
Global
	GlobalSection(SolutionConfigurationPlatforms) = preSolution
		Debug|Any CPU = Debug|Any CPU
		Release|Any CPU = Release|Any CPU
	EndGlobalSection
	GlobalSection(ProjectConfigurationPlatforms) = postSolution
		{ED2901B2-03D7-4A7F-BA9F-EF4E86522538}.Debug|Any CPU.ActiveCfg = Debug|Any CPU
		{ED2901B2-03D7-4A7F-BA9F-EF4E86522538}.Debug|Any CPU.Build.0 = Debug|Any CPU
		{ED2901B2-03D7-4A7F-BA9F-EF4E86522538}.Release|Any CPU.ActiveCfg = Release|Any CPU
		{ED2901B2-03D7-4A7F-BA9F-EF4E86522538}.Release|Any CPU.Build.0 = Release|Any CPU
	EndGlobalSection
	GlobalSection(SolutionProperties) = preSolution
		HideSolutionNode = FALSE
	EndGlobalSection
	GlobalSection(ExtensibilityGlobals) = postSolution
		SolutionGuid = {4926C47B-ECD7-48A3-8AAA-359F870D2DBD}
	EndGlobalSection
EndGlobal
